
Microsoft Visual Studio Solution File, Format Version 12.00
# Visual Studio Version 16
VisualStudioVersion = 16.0.32126.315
MinimumVisualStudioVersion = 10.0.40219.1
Project("{FAE04EC0-301F-11D3-BF4B-00C04F79EFBC}") = "ShareStuff", "ShareStuff\ShareStuff.csproj", "{DC7B894C-D0C2-47AB-8989-4B4BF35A6669}"
EndProject
Global
	GlobalSection(SolutionConfigurationPlatforms) = preSolution
		Debug|Any CPU = Debug|Any CPU
		Release|Any CPU = Release|Any CPU
	EndGlobalSection
	GlobalSection(ProjectConfigurationPlatforms) = postSolution
		{DC7B894C-D0C2-47AB-8989-4B4BF35A6669}.Debug|Any CPU.ActiveCfg = Debug|Any CPU
		{DC7B894C-D0C2-47AB-8989-4B4BF35A6669}.Debug|Any CPU.Build.0 = Debug|Any CPU
		{DC7B894C-D0C2-47AB-8989-4B4BF35A6669}.Release|Any CPU.ActiveCfg = Release|Any CPU
		{DC7B894C-D0C2-47AB-8989-4B4BF35A6669}.Release|Any CPU.Build.0 = Release|Any CPU
	EndGlobalSection
	GlobalSection(SolutionProperties) = preSolution
		HideSolutionNode = FALSE
	EndGlobalSection
	GlobalSection(ExtensibilityGlobals) = postSolution
		SolutionGuid = {E8788ACA-5C91-483A-874D-B3946880820E}
	EndGlobalSection
EndGlobal
